// !$*UTF8*$!
{
	archiveVersion = 1;
	classes = {
	};
	objectVersion = 50;
	objects = {

/* Begin PBXBuildFile section */
		80475A80231EA32A00595863 /* AppDelegate.swift in Sources */ = {isa = PBXBuildFile; fileRef = 80475A7F231EA32A00595863 /* AppDelegate.swift */; };
		80475A85231EA32A00595863 /* Main.storyboard in Resources */ = {isa = PBXBuildFile; fileRef = 80475A83231EA32A00595863 /* Main.storyboard */; };
		80475A87231EA32B00595863 /* Assets.xcassets in Resources */ = {isa = PBXBuildFile; fileRef = 80475A86231EA32B00595863 /* Assets.xcassets */; };
		80475A8A231EA32B00595863 /* LaunchScreen.storyboard in Resources */ = {isa = PBXBuildFile; fileRef = 80475A88231EA32B00595863 /* LaunchScreen.storyboard */; };
		80475A95231EA32C00595863 /* EmojiArtTests.swift in Sources */ = {isa = PBXBuildFile; fileRef = 80475A94231EA32C00595863 /* EmojiArtTests.swift */; };
		80475AA1231EA39100595863 /* EmojiArtViewController.swift in Sources */ = {isa = PBXBuildFile; fileRef = 80475AA0231EA39100595863 /* EmojiArtViewController.swift */; };
		80475AA3231EA3FF00595863 /* EmojiArtView.swift in Sources */ = {isa = PBXBuildFile; fileRef = 80475AA2231EA3FF00595863 /* EmojiArtView.swift */; };
		80475AA5231ECE6C00595863 /* EmojiArtDocumentTableViewController.swift in Sources */ = {isa = PBXBuildFile; fileRef = 80475AA4231ECE6C00595863 /* EmojiArtDocumentTableViewController.swift */; };
		80E9842A232003EF00B921C7 /* EmojiCollectionViewCell.swift in Sources */ = {isa = PBXBuildFile; fileRef = 80E98429232003EF00B921C7 /* EmojiCollectionViewCell.swift */; };
/* End PBXBuildFile section */

/* Begin PBXContainerItemProxy section */
		80475A91231EA32C00595863 /* PBXContainerItemProxy */ = {
			isa = PBXContainerItemProxy;
			containerPortal = 80475A74231EA32A00595863 /* Project object */;
			proxyType = 1;
			remoteGlobalIDString = 80475A7B231EA32A00595863;
			remoteInfo = EmojiArt;
		};
/* End PBXContainerItemProxy section */

/* Begin PBXFileReference section */
		80475A7C231EA32A00595863 /* EmojiArt.app */ = {isa = PBXFileReference; explicitFileType = wrapper.application; includeInIndex = 0; path = EmojiArt.app; sourceTree = BUILT_PRODUCTS_DIR; };
		80475A7F231EA32A00595863 /* AppDelegate.swift */ = {isa = PBXFileReference; lastKnownFileType = sourcecode.swift; path = AppDelegate.swift; sourceTree = "<group>"; };
		80475A84231EA32A00595863 /* Base */ = {isa = PBXFileReference; lastKnownFileType = file.storyboard; name = Base; path = Base.lproj/Main.storyboard; sourceTree = "<group>"; };
		80475A86231EA32B00595863 /* Assets.xcassets */ = {isa = PBXFileReference; lastKnownFileType = folder.assetcatalog; path = Assets.xcassets; sourceTree = "<group>"; };
		80475A89231EA32B00595863 /* Base */ = {isa = PBXFileReference; lastKnownFileType = file.storyboard; name = Base; path = Base.lproj/LaunchScreen.storyboard; sourceTree = "<group>"; };
		80475A8B231EA32B00595863 /* Info.plist */ = {isa = PBXFileReference; lastKnownFileType = text.plist.xml; path = Info.plist; sourceTree = "<group>"; };
		80475A90231EA32C00595863 /* EmojiArtTests.xctest */ = {isa = PBXFileReference; explicitFileType = wrapper.cfbundle; includeInIndex = 0; path = EmojiArtTests.xctest; sourceTree = BUILT_PRODUCTS_DIR; };
		80475A94231EA32C00595863 /* EmojiArtTests.swift */ = {isa = PBXFileReference; lastKnownFileType = sourcecode.swift; path = EmojiArtTests.swift; sourceTree = "<group>"; };
		80475A96231EA32C00595863 /* Info.plist */ = {isa = PBXFileReference; lastKnownFileType = text.plist.xml; path = Info.plist; sourceTree = "<group>"; };
		80475AA0231EA39100595863 /* EmojiArtViewController.swift */ = {isa = PBXFileReference; lastKnownFileType = sourcecode.swift; path = EmojiArtViewController.swift; sourceTree = "<group>"; };
		80475AA2231EA3FF00595863 /* EmojiArtView.swift */ = {isa = PBXFileReference; lastKnownFileType = sourcecode.swift; path = EmojiArtView.swift; sourceTree = "<group>"; };
		80475AA4231ECE6C00595863 /* EmojiArtDocumentTableViewController.swift */ = {isa = PBXFileReference; lastKnownFileType = sourcecode.swift; path = EmojiArtDocumentTableViewController.swift; sourceTree = "<group>"; };
		80E98429232003EF00B921C7 /* EmojiCollectionViewCell.swift */ = {isa = PBXFileReference; lastKnownFileType = sourcecode.swift; path = EmojiCollectionViewCell.swift; sourceTree = "<group>"; };
/* End PBXFileReference section */

/* Begin PBXFrameworksBuildPhase section */
		80475A79231EA32A00595863 /* Frameworks */ = {
			isa = PBXFrameworksBuildPhase;
			buildActionMask = 2147483647;
			files = (
			);
			runOnlyForDeploymentPostprocessing = 0;
		};
		80475A8D231EA32C00595863 /* Frameworks */ = {
			isa = PBXFrameworksBuildPhase;
			buildActionMask = 2147483647;
			files = (
			);
			runOnlyForDeploymentPostprocessing = 0;
		};
/* End PBXFrameworksBuildPhase section */

/* Begin PBXGroup section */
		80475A73231EA32A00595863 = {
			isa = PBXGroup;
			children = (
				80475A7E231EA32A00595863 /* EmojiArt */,
				80475A93231EA32C00595863 /* EmojiArtTests */,
				80475A7D231EA32A00595863 /* Products */,
			);
			sourceTree = "<group>";
		};
		80475A7D231EA32A00595863 /* Products */ = {
			isa = PBXGroup;
			children = (
				80475A7C231EA32A00595863 /* EmojiArt.app */,
				80475A90231EA32C00595863 /* EmojiArtTests.xctest */,
			);
			name = Products;
			sourceTree = "<group>";
		};
		80475A7E231EA32A00595863 /* EmojiArt */ = {
			isa = PBXGroup;
			children = (
				80475A9F231EA34100595863 /* Supporting files */,
				80475A83231EA32A00595863 /* Main.storyboard */,
				80475AA4231ECE6C00595863 /* EmojiArtDocumentTableViewController.swift */,
				80475AA2231EA3FF00595863 /* EmojiArtView.swift */,
				80475AA0231EA39100595863 /* EmojiArtViewController.swift */,
				80E98429232003EF00B921C7 /* EmojiCollectionViewCell.swift */,
				80475A8B231EA32B00595863 /* Info.plist */,
			);
			path = EmojiArt;
			sourceTree = "<group>";
		};
		80475A93231EA32C00595863 /* EmojiArtTests */ = {
			isa = PBXGroup;
			children = (
				80475A94231EA32C00595863 /* EmojiArtTests.swift */,
				80475A96231EA32C00595863 /* Info.plist */,
			);
			path = EmojiArtTests;
			sourceTree = "<group>";
		};
		80475A9F231EA34100595863 /* Supporting files */ = {
			isa = PBXGroup;
			children = (
				80475A7F231EA32A00595863 /* AppDelegate.swift */,
				80475A86231EA32B00595863 /* Assets.xcassets */,
				80475A88231EA32B00595863 /* LaunchScreen.storyboard */,
			);
			path = "Supporting files";
			sourceTree = "<group>";
		};
/* End PBXGroup section */

/* Begin PBXNativeTarget section */
		80475A7B231EA32A00595863 /* EmojiArt */ = {
			isa = PBXNativeTarget;
			buildConfigurationList = 80475A99231EA32C00595863 /* Build configuration list for PBXNativeTarget "EmojiArt" */;
			buildPhases = (
				80475A78231EA32A00595863 /* Sources */,
				80475A79231EA32A00595863 /* Frameworks */,
				80475A7A231EA32A00595863 /* Resources */,
			);
			buildRules = (
			);
			dependencies = (
			);
			name = EmojiArt;
			productName = EmojiArt;
			productReference = 80475A7C231EA32A00595863 /* EmojiArt.app */;
			productType = "com.apple.product-type.application";
		};
		80475A8F231EA32C00595863 /* EmojiArtTests */ = {
			isa = PBXNativeTarget;
			buildConfigurationList = 80475A9C231EA32C00595863 /* Build configuration list for PBXNativeTarget "EmojiArtTests" */;
			buildPhases = (
				80475A8C231EA32C00595863 /* Sources */,
				80475A8D231EA32C00595863 /* Frameworks */,
				80475A8E231EA32C00595863 /* Resources */,
			);
			buildRules = (
			);
			dependencies = (
				80475A92231EA32C00595863 /* PBXTargetDependency */,
			);
			name = EmojiArtTests;
			productName = EmojiArtTests;
			productReference = 80475A90231EA32C00595863 /* EmojiArtTests.xctest */;
			productType = "com.apple.product-type.bundle.unit-test";
		};
/* End PBXNativeTarget section */

/* Begin PBXProject section */
		80475A74231EA32A00595863 /* Project object */ = {
			isa = PBXProject;
			attributes = {
				LastSwiftUpdateCheck = 1030;
				LastUpgradeCheck = 1030;
				ORGANIZATIONNAME = "Andy Smith";
				TargetAttributes = {
					80475A7B231EA32A00595863 = {
						CreatedOnToolsVersion = 10.3;
					};
					80475A8F231EA32C00595863 = {
						CreatedOnToolsVersion = 10.3;
						TestTargetID = 80475A7B231EA32A00595863;
					};
				};
			};
			buildConfigurationList = 80475A77231EA32A00595863 /* Build configuration list for PBXProject "EmojiArt" */;
			compatibilityVersion = "Xcode 9.3";
			developmentRegion = en;
			hasScannedForEncodings = 0;
			knownRegions = (
				en,
				Base,
			);
			mainGroup = 80475A73231EA32A00595863;
			productRefGroup = 80475A7D231EA32A00595863 /* Products */;
			projectDirPath = "";
			projectRoot = "";
			targets = (
				80475A7B231EA32A00595863 /* EmojiArt */,
				80475A8F231EA32C00595863 /* EmojiArtTests */,
			);
		};
/* End PBXProject section */

/* Begin PBXResourcesBuildPhase section */
		80475A7A231EA32A00595863 /* Resources */ = {
			isa = PBXResourcesBuildPhase;
			buildActionMask = 2147483647;
			files = (
				80475A8A231EA32B00595863 /* LaunchScreen.storyboard in Resources */,
				80475A87231EA32B00595863 /* Assets.xcassets in Resources */,
				80475A85231EA32A00595863 /* Main.storyboard in Resources */,
			);
			runOnlyForDeploymentPostprocessing = 0;
		};
		80475A8E231EA32C00595863 /* Resources */ = {
			isa = PBXResourcesBuildPhase;
			buildActionMask = 2147483647;
			files = (
			);
			runOnlyForDeploymentPostprocessing = 0;
		};
/* End PBXResourcesBuildPhase section */

/* Begin PBXSourcesBuildPhase section */
		80475A78231EA32A00595863 /* Sources */ = {
			isa = PBXSourcesBuildPhase;
			buildActionMask = 2147483647;
			files = (
				80475A80231EA32A00595863 /* AppDelegate.swift in Sources */,
				80475AA5231ECE6C00595863 /* EmojiArtDocumentTableViewController.swift in Sources */,
				80E9842A232003EF00B921C7 /* EmojiCollectionViewCell.swift in Sources */,
				80475AA1231EA39100595863 /* EmojiArtViewController.swift in Sources */,
				80475AA3231EA3FF00595863 /* EmojiArtView.swift in Sources */,
			);
			runOnlyForDeploymentPostprocessing = 0;
		};
		80475A8C231EA32C00595863 /* Sources */ = {
			isa = PBXSourcesBuildPhase;
			buildActionMask = 2147483647;
			files = (
				80475A95231EA32C00595863 /* EmojiArtTests.swift in Sources */,
			);
			runOnlyForDeploymentPostprocessing = 0;
		};
/* End PBXSourcesBuildPhase section */

/* Begin PBXTargetDependency section */
		80475A92231EA32C00595863 /* PBXTargetDependency */ = {
			isa = PBXTargetDependency;
			target = 80475A7B231EA32A00595863 /* EmojiArt */;
			targetProxy = 80475A91231EA32C00595863 /* PBXContainerItemProxy */;
		};
/* End PBXTargetDependency section */

/* Begin PBXVariantGroup section */
		80475A83231EA32A00595863 /* Main.storyboard */ = {
			isa = PBXVariantGroup;
			children = (
				80475A84231EA32A00595863 /* Base */,
			);
			name = Main.storyboard;
			sourceTree = "<group>";
		};
		80475A88231EA32B00595863 /* LaunchScreen.storyboard */ = {
			isa = PBXVariantGroup;
			children = (
				80475A89231EA32B00595863 /* Base */,
			);
			name = LaunchScreen.storyboard;
			sourceTree = "<group>";
		};
/* End PBXVariantGroup section */

/* Begin XCBuildConfiguration section */
		80475A97231EA32C00595863 /* Debug */ = {
			isa = XCBuildConfiguration;
			buildSettings = {
				ALWAYS_SEARCH_USER_PATHS = NO;
				CLANG_ANALYZER_NONNULL = YES;
				CLANG_ANALYZER_NUMBER_OBJECT_CONVERSION = YES_AGGRESSIVE;
				CLANG_CXX_LANGUAGE_STANDARD = "gnu++14";
				CLANG_CXX_LIBRARY = "libc++";
				CLANG_ENABLE_MODULES = YES;
				CLANG_ENABLE_OBJC_ARC = YES;
				CLANG_ENABLE_OBJC_WEAK = YES;
				CLANG_WARN_BLOCK_CAPTURE_AUTORELEASING = YES;
				CLANG_WARN_BOOL_CONVERSION = YES;
				CLANG_WARN_COMMA = YES;
				CLANG_WARN_CONSTANT_CONVERSION = YES;
				CLANG_WARN_DEPRECATED_OBJC_IMPLEMENTATIONS = YES;
				CLANG_WARN_DIRECT_OBJC_ISA_USAGE = YES_ERROR;
				CLANG_WARN_DOCUMENTATION_COMMENTS = YES;
				CLANG_WARN_EMPTY_BODY = YES;
				CLANG_WARN_ENUM_CONVERSION = YES;
				CLANG_WARN_INFINITE_RECURSION = YES;
				CLANG_WARN_INT_CONVERSION = YES;
				CLANG_WARN_NON_LITERAL_NULL_CONVERSION = YES;
				CLANG_WARN_OBJC_IMPLICIT_RETAIN_SELF = YES;
				CLANG_WARN_OBJC_LITERAL_CONVERSION = YES;
				CLANG_WARN_OBJC_ROOT_CLASS = YES_ERROR;
				CLANG_WARN_RANGE_LOOP_ANALYSIS = YES;
				CLANG_WARN_STRICT_PROTOTYPES = YES;
				CLANG_WARN_SUSPICIOUS_MOVE = YES;
				CLANG_WARN_UNGUARDED_AVAILABILITY = YES_AGGRESSIVE;
				CLANG_WARN_UNREACHABLE_CODE = YES;
				CLANG_WARN__DUPLICATE_METHOD_MATCH = YES;
				CODE_SIGN_IDENTITY = "iPhone Developer";
				COPY_PHASE_STRIP = NO;
				DEBUG_INFORMATION_FORMAT = dwarf;
				ENABLE_STRICT_OBJC_MSGSEND = YES;
				ENABLE_TESTABILITY = YES;
				GCC_C_LANGUAGE_STANDARD = gnu11;
				GCC_DYNAMIC_NO_PIC = NO;
				GCC_NO_COMMON_BLOCKS = YES;
				GCC_OPTIMIZATION_LEVEL = 0;
				GCC_PREPROCESSOR_DEFINITIONS = (
					"DEBUG=1",
					"$(inherited)",
				);
				GCC_WARN_64_TO_32_BIT_CONVERSION = YES;
				GCC_WARN_ABOUT_RETURN_TYPE = YES_ERROR;
				GCC_WARN_UNDECLARED_SELECTOR = YES;
				GCC_WARN_UNINITIALIZED_AUTOS = YES_AGGRESSIVE;
				GCC_WARN_UNUSED_FUNCTION = YES;
				GCC_WARN_UNUSED_VARIABLE = YES;
				IPHONEOS_DEPLOYMENT_TARGET = 12.4;
				MTL_ENABLE_DEBUG_INFO = INCLUDE_SOURCE;
				MTL_FAST_MATH = YES;
				ONLY_ACTIVE_ARCH = YES;
				SDKROOT = iphoneos;
				SWIFT_ACTIVE_COMPILATION_CONDITIONS = DEBUG;
				SWIFT_OPTIMIZATION_LEVEL = "-Onone";
			};
			name = Debug;
		};
		80475A98231EA32C00595863 /* Release */ = {
			isa = XCBuildConfiguration;
			buildSettings = {
				ALWAYS_SEARCH_USER_PATHS = NO;
				CLANG_ANALYZER_NONNULL = YES;
				CLANG_ANALYZER_NUMBER_OBJECT_CONVERSION = YES_AGGRESSIVE;
				CLANG_CXX_LANGUAGE_STANDARD = "gnu++14";
				CLANG_CXX_LIBRARY = "libc++";
				CLANG_ENABLE_MODULES = YES;
				CLANG_ENABLE_OBJC_ARC = YES;
				CLANG_ENABLE_OBJC_WEAK = YES;
				CLANG_WARN_BLOCK_CAPTURE_AUTORELEASING = YES;
				CLANG_WARN_BOOL_CONVERSION = YES;
				CLANG_WARN_COMMA = YES;
				CLANG_WARN_CONSTANT_CONVERSION = YES;
				CLANG_WARN_DEPRECATED_OBJC_IMPLEMENTATIONS = YES;
				CLANG_WARN_DIRECT_OBJC_ISA_USAGE = YES_ERROR;
				CLANG_WARN_DOCUMENTATION_COMMENTS = YES;
				CLANG_WARN_EMPTY_BODY = YES;
				CLANG_WARN_ENUM_CONVERSION = YES;
				CLANG_WARN_INFINITE_RECURSION = YES;
				CLANG_WARN_INT_CONVERSION = YES;
				CLANG_WARN_NON_LITERAL_NULL_CONVERSION = YES;
				CLANG_WARN_OBJC_IMPLICIT_RETAIN_SELF = YES;
				CLANG_WARN_OBJC_LITERAL_CONVERSION = YES;
				CLANG_WARN_OBJC_ROOT_CLASS = YES_ERROR;
				CLANG_WARN_RANGE_LOOP_ANALYSIS = YES;
				CLANG_WARN_STRICT_PROTOTYPES = YES;
				CLANG_WARN_SUSPICIOUS_MOVE = YES;
				CLANG_WARN_UNGUARDED_AVAILABILITY = YES_AGGRESSIVE;
				CLANG_WARN_UNREACHABLE_CODE = YES;
				CLANG_WARN__DUPLICATE_METHOD_MATCH = YES;
				CODE_SIGN_IDENTITY = "iPhone Developer";
				COPY_PHASE_STRIP = NO;
				DEBUG_INFORMATION_FORMAT = "dwarf-with-dsym";
				ENABLE_NS_ASSERTIONS = NO;
				ENABLE_STRICT_OBJC_MSGSEND = YES;
				GCC_C_LANGUAGE_STANDARD = gnu11;
				GCC_NO_COMMON_BLOCKS = YES;
				GCC_WARN_64_TO_32_BIT_CONVERSION = YES;
				GCC_WARN_ABOUT_RETURN_TYPE = YES_ERROR;
				GCC_WARN_UNDECLARED_SELECTOR = YES;
				GCC_WARN_UNINITIALIZED_AUTOS = YES_AGGRESSIVE;
				GCC_WARN_UNUSED_FUNCTION = YES;
				GCC_WARN_UNUSED_VARIABLE = YES;
				IPHONEOS_DEPLOYMENT_TARGET = 12.4;
				MTL_ENABLE_DEBUG_INFO = NO;
				MTL_FAST_MATH = YES;
				SDKROOT = iphoneos;
				SWIFT_COMPILATION_MODE = wholemodule;
				SWIFT_OPTIMIZATION_LEVEL = "-O";
				VALIDATE_PRODUCT = YES;
			};
			name = Release;
		};
		80475A9A231EA32C00595863 /* Debug */ = {
			isa = XCBuildConfiguration;
			buildSettings = {
				ASSETCATALOG_COMPILER_APPICON_NAME = AppIcon;
				CODE_SIGN_STYLE = Automatic;
				INFOPLIST_FILE = EmojiArt/Info.plist;
				LD_RUNPATH_SEARCH_PATHS = (
					"$(inherited)",
					"@executable_path/Frameworks",
				);
				PRODUCT_BUNDLE_IDENTIFIER = com.mkodo.EmojiArt;
				PRODUCT_NAME = "$(TARGET_NAME)";
				SWIFT_VERSION = 5.0;
				TARGETED_DEVICE_FAMILY = "1,2";
			};
			name = Debug;
		};
		80475A9B231EA32C00595863 /* Release */ = {
			isa = XCBuildConfiguration;
			buildSettings = {
				ASSETCATALOG_COMPILER_APPICON_NAME = AppIcon;
				CODE_SIGN_STYLE = Automatic;
				INFOPLIST_FILE = EmojiArt/Info.plist;
				LD_RUNPATH_SEARCH_PATHS = (
					"$(inherited)",
					"@executable_path/Frameworks",
				);
				PRODUCT_BUNDLE_IDENTIFIER = com.mkodo.EmojiArt;
				PRODUCT_NAME = "$(TARGET_NAME)";
				SWIFT_VERSION = 5.0;
				TARGETED_DEVICE_FAMILY = "1,2";
			};
			name = Release;
		};
		80475A9D231EA32C00595863 /* Debug */ = {
			isa = XCBuildConfiguration;
			buildSettings = {
				ALWAYS_EMBED_SWIFT_STANDARD_LIBRARIES = YES;
				BUNDLE_LOADER = "$(TEST_HOST)";
				CODE_SIGN_STYLE = Automatic;
				INFOPLIST_FILE = EmojiArtTests/Info.plist;
				LD_RUNPATH_SEARCH_PATHS = (
					"$(inherited)",
					"@executable_path/Frameworks",
					"@loader_path/Frameworks",
				);
				PRODUCT_BUNDLE_IDENTIFIER = com.mkodo.EmojiArtTests;
				PRODUCT_NAME = "$(TARGET_NAME)";
				SWIFT_VERSION = 5.0;
				TARGETED_DEVICE_FAMILY = "1,2";
				TEST_HOST = "$(BUILT_PRODUCTS_DIR)/EmojiArt.app/EmojiArt";
			};
			name = Debug;
		};
		80475A9E231EA32C00595863 /* Release */ = {
			isa = XCBuildConfiguration;
			buildSettings = {
				ALWAYS_EMBED_SWIFT_STANDARD_LIBRARIES = YES;
				BUNDLE_LOADER = "$(TEST_HOST)";
				CODE_SIGN_STYLE = Automatic;
				INFOPLIST_FILE = EmojiArtTests/Info.plist;
				LD_RUNPATH_SEARCH_PATHS = (
					"$(inherited)",
					"@executable_path/Frameworks",
					"@loader_path/Frameworks",
				);
				PRODUCT_BUNDLE_IDENTIFIER = com.mkodo.EmojiArtTests;
				PRODUCT_NAME = "$(TARGET_NAME)";
				SWIFT_VERSION = 5.0;
				TARGETED_DEVICE_FAMILY = "1,2";
				TEST_HOST = "$(BUILT_PRODUCTS_DIR)/EmojiArt.app/EmojiArt";
			};
			name = Release;
		};
/* End XCBuildConfiguration section */

/* Begin XCConfigurationList section */
		80475A77231EA32A00595863 /* Build configuration list for PBXProject "EmojiArt" */ = {
			isa = XCConfigurationList;
			buildConfigurations = (
				80475A97231EA32C00595863 /* Debug */,
				80475A98231EA32C00595863 /* Release */,
			);
			defaultConfigurationIsVisible = 0;
			defaultConfigurationName = Release;
		};
		80475A99231EA32C00595863 /* Build configuration list for PBXNativeTarget "EmojiArt" */ = {
			isa = XCConfigurationList;
			buildConfigurations = (
				80475A9A231EA32C00595863 /* Debug */,
				80475A9B231EA32C00595863 /* Release */,
			);
			defaultConfigurationIsVisible = 0;
			defaultConfigurationName = Release;
		};
		80475A9C231EA32C00595863 /* Build configuration list for PBXNativeTarget "EmojiArtTests" */ = {
			isa = XCConfigurationList;
			buildConfigurations = (
				80475A9D231EA32C00595863 /* Debug */,
				80475A9E231EA32C00595863 /* Release */,
			);
			defaultConfigurationIsVisible = 0;
			defaultConfigurationName = Release;
		};
/* End XCConfigurationList section */
	};
	rootObject = 80475A74231EA32A00595863 /* Project object */;
}
