// !$*UTF8*$!
{
	archiveVersion = 1;
	classes = {
	};
	objectVersion = 50;
	objects = {

/* Begin PBXBuildFile section */
		80263348230A9F9D00DEFE77 /* ConcentrationThemeChooserViewController.swift in Sources */ = {isa = PBXBuildFile; fileRef = 80263347230A9F9D00DEFE77 /* ConcentrationThemeChooserViewController.swift */; };
		80EF0B9D23041492001A7959 /* AppDelegate.swift in Sources */ = {isa = PBXBuildFile; fileRef = 80EF0B9C23041492001A7959 /* AppDelegate.swift */; };
		80EF0B9F23041492001A7959 /* ConcentrationViewControler.swift in Sources */ = {isa = PBXBuildFile; fileRef = 80EF0B9E23041492001A7959 /* ConcentrationViewControler.swift */; };
		80EF0BA223041492001A7959 /* Main.storyboard in Resources */ = {isa = PBXBuildFile; fileRef = 80EF0BA023041492001A7959 /* Main.storyboard */; };
		80EF0BA423041493001A7959 /* Assets.xcassets in Resources */ = {isa = PBXBuildFile; fileRef = 80EF0BA323041493001A7959 /* Assets.xcassets */; };
		80EF0BA723041493001A7959 /* LaunchScreen.storyboard in Resources */ = {isa = PBXBuildFile; fileRef = 80EF0BA523041493001A7959 /* LaunchScreen.storyboard */; };
		80EF0BB223041493001A7959 /* ConcentrationTests.swift in Sources */ = {isa = PBXBuildFile; fileRef = 80EF0BB123041493001A7959 /* ConcentrationTests.swift */; };
		80EF0BBE23044074001A7959 /* Concentration.swift in Sources */ = {isa = PBXBuildFile; fileRef = 80EF0BBD23044074001A7959 /* Concentration.swift */; };
		80EF0BC023044208001A7959 /* Card.swift in Sources */ = {isa = PBXBuildFile; fileRef = 80EF0BBF23044208001A7959 /* Card.swift */; };
/* End PBXBuildFile section */

/* Begin PBXContainerItemProxy section */
		80EF0BAE23041493001A7959 /* PBXContainerItemProxy */ = {
			isa = PBXContainerItemProxy;
			containerPortal = 80EF0B9123041492001A7959 /* Project object */;
			proxyType = 1;
			remoteGlobalIDString = 80EF0B9823041492001A7959;
			remoteInfo = Concentration;
		};
/* End PBXContainerItemProxy section */

/* Begin PBXFileReference section */
		80263347230A9F9D00DEFE77 /* ConcentrationThemeChooserViewController.swift */ = {isa = PBXFileReference; lastKnownFileType = sourcecode.swift; path = ConcentrationThemeChooserViewController.swift; sourceTree = "<group>"; };
		80EF0B9923041492001A7959 /* Concentration.app */ = {isa = PBXFileReference; explicitFileType = wrapper.application; includeInIndex = 0; path = Concentration.app; sourceTree = BUILT_PRODUCTS_DIR; };
		80EF0B9C23041492001A7959 /* AppDelegate.swift */ = {isa = PBXFileReference; lastKnownFileType = sourcecode.swift; path = AppDelegate.swift; sourceTree = "<group>"; };
		80EF0B9E23041492001A7959 /* ConcentrationViewControler.swift */ = {isa = PBXFileReference; lastKnownFileType = sourcecode.swift; path = ConcentrationViewControler.swift; sourceTree = "<group>"; };
		80EF0BA123041492001A7959 /* Base */ = {isa = PBXFileReference; lastKnownFileType = file.storyboard; name = Base; path = Base.lproj/Main.storyboard; sourceTree = "<group>"; };
		80EF0BA323041493001A7959 /* Assets.xcassets */ = {isa = PBXFileReference; lastKnownFileType = folder.assetcatalog; path = Assets.xcassets; sourceTree = "<group>"; };
		80EF0BA623041493001A7959 /* Base */ = {isa = PBXFileReference; lastKnownFileType = file.storyboard; name = Base; path = Base.lproj/LaunchScreen.storyboard; sourceTree = "<group>"; };
		80EF0BA823041493001A7959 /* Info.plist */ = {isa = PBXFileReference; lastKnownFileType = text.plist.xml; path = Info.plist; sourceTree = "<group>"; };
		80EF0BAD23041493001A7959 /* ConcentrationTests.xctest */ = {isa = PBXFileReference; explicitFileType = wrapper.cfbundle; includeInIndex = 0; path = ConcentrationTests.xctest; sourceTree = BUILT_PRODUCTS_DIR; };
		80EF0BB123041493001A7959 /* ConcentrationTests.swift */ = {isa = PBXFileReference; lastKnownFileType = sourcecode.swift; path = ConcentrationTests.swift; sourceTree = "<group>"; };
		80EF0BB323041493001A7959 /* Info.plist */ = {isa = PBXFileReference; lastKnownFileType = text.plist.xml; path = Info.plist; sourceTree = "<group>"; };
		80EF0BBD23044074001A7959 /* Concentration.swift */ = {isa = PBXFileReference; lastKnownFileType = sourcecode.swift; path = Concentration.swift; sourceTree = "<group>"; };
		80EF0BBF23044208001A7959 /* Card.swift */ = {isa = PBXFileReference; lastKnownFileType = sourcecode.swift; path = Card.swift; sourceTree = "<group>"; };
/* End PBXFileReference section */

/* Begin PBXFrameworksBuildPhase section */
		80EF0B9623041492001A7959 /* Frameworks */ = {
			isa = PBXFrameworksBuildPhase;
			buildActionMask = 2147483647;
			files = (
			);
			runOnlyForDeploymentPostprocessing = 0;
		};
		80EF0BAA23041493001A7959 /* Frameworks */ = {
			isa = PBXFrameworksBuildPhase;
			buildActionMask = 2147483647;
			files = (
			);
			runOnlyForDeploymentPostprocessing = 0;
		};
/* End PBXFrameworksBuildPhase section */

/* Begin PBXGroup section */
		80EF0B9023041492001A7959 = {
			isa = PBXGroup;
			children = (
				80EF0B9B23041492001A7959 /* Concentration */,
				80EF0BB023041493001A7959 /* ConcentrationTests */,
				80EF0B9A23041492001A7959 /* Products */,
			);
			sourceTree = "<group>";
		};
		80EF0B9A23041492001A7959 /* Products */ = {
			isa = PBXGroup;
			children = (
				80EF0B9923041492001A7959 /* Concentration.app */,
				80EF0BAD23041493001A7959 /* ConcentrationTests.xctest */,
			);
			name = Products;
			sourceTree = "<group>";
		};
		80EF0B9B23041492001A7959 /* Concentration */ = {
			isa = PBXGroup;
			children = (
				80EF0BBD23044074001A7959 /* Concentration.swift */,
				80EF0BBF23044208001A7959 /* Card.swift */,
				80EF0BBC230415A5001A7959 /* Supporting Files */,
				80EF0B9E23041492001A7959 /* ConcentrationViewControler.swift */,
				80EF0BA023041492001A7959 /* Main.storyboard */,
				80263347230A9F9D00DEFE77 /* ConcentrationThemeChooserViewController.swift */,
				80EF0BA823041493001A7959 /* Info.plist */,
			);
			path = Concentration;
			sourceTree = "<group>";
		};
		80EF0BB023041493001A7959 /* ConcentrationTests */ = {
			isa = PBXGroup;
			children = (
				80EF0BB123041493001A7959 /* ConcentrationTests.swift */,
				80EF0BB323041493001A7959 /* Info.plist */,
			);
			path = ConcentrationTests;
			sourceTree = "<group>";
		};
		80EF0BBC230415A5001A7959 /* Supporting Files */ = {
			isa = PBXGroup;
			children = (
				80EF0B9C23041492001A7959 /* AppDelegate.swift */,
				80EF0BA323041493001A7959 /* Assets.xcassets */,
				80EF0BA523041493001A7959 /* LaunchScreen.storyboard */,
			);
			path = "Supporting Files";
			sourceTree = "<group>";
		};
/* End PBXGroup section */

/* Begin PBXNativeTarget section */
		80EF0B9823041492001A7959 /* Concentration */ = {
			isa = PBXNativeTarget;
			buildConfigurationList = 80EF0BB623041493001A7959 /* Build configuration list for PBXNativeTarget "Concentration" */;
			buildPhases = (
				80EF0B9523041492001A7959 /* Sources */,
				80EF0B9623041492001A7959 /* Frameworks */,
				80EF0B9723041492001A7959 /* Resources */,
			);
			buildRules = (
			);
			dependencies = (
			);
			name = Concentration;
			productName = Concentration;
			productReference = 80EF0B9923041492001A7959 /* Concentration.app */;
			productType = "com.apple.product-type.application";
		};
		80EF0BAC23041493001A7959 /* ConcentrationTests */ = {
			isa = PBXNativeTarget;
			buildConfigurationList = 80EF0BB923041493001A7959 /* Build configuration list for PBXNativeTarget "ConcentrationTests" */;
			buildPhases = (
				80EF0BA923041493001A7959 /* Sources */,
				80EF0BAA23041493001A7959 /* Frameworks */,
				80EF0BAB23041493001A7959 /* Resources */,
			);
			buildRules = (
			);
			dependencies = (
				80EF0BAF23041493001A7959 /* PBXTargetDependency */,
			);
			name = ConcentrationTests;
			productName = ConcentrationTests;
			productReference = 80EF0BAD23041493001A7959 /* ConcentrationTests.xctest */;
			productType = "com.apple.product-type.bundle.unit-test";
		};
/* End PBXNativeTarget section */

/* Begin PBXProject section */
		80EF0B9123041492001A7959 /* Project object */ = {
			isa = PBXProject;
			attributes = {
				LastSwiftUpdateCheck = 1030;
				LastUpgradeCheck = 1030;
				ORGANIZATIONNAME = "Andy Smith";
				TargetAttributes = {
					80EF0B9823041492001A7959 = {
						CreatedOnToolsVersion = 10.3;
					};
					80EF0BAC23041493001A7959 = {
						CreatedOnToolsVersion = 10.3;
						TestTargetID = 80EF0B9823041492001A7959;
					};
				};
			};
			buildConfigurationList = 80EF0B9423041492001A7959 /* Build configuration list for PBXProject "Concentration" */;
			compatibilityVersion = "Xcode 9.3";
			developmentRegion = en;
			hasScannedForEncodings = 0;
			knownRegions = (
				en,
				Base,
			);
			mainGroup = 80EF0B9023041492001A7959;
			productRefGroup = 80EF0B9A23041492001A7959 /* Products */;
			projectDirPath = "";
			projectRoot = "";
			targets = (
				80EF0B9823041492001A7959 /* Concentration */,
				80EF0BAC23041493001A7959 /* ConcentrationTests */,
			);
		};
/* End PBXProject section */

/* Begin PBXResourcesBuildPhase section */
		80EF0B9723041492001A7959 /* Resources */ = {
			isa = PBXResourcesBuildPhase;
			buildActionMask = 2147483647;
			files = (
				80EF0BA723041493001A7959 /* LaunchScreen.storyboard in Resources */,
				80EF0BA423041493001A7959 /* Assets.xcassets in Resources */,
				80EF0BA223041492001A7959 /* Main.storyboard in Resources */,
			);
			runOnlyForDeploymentPostprocessing = 0;
		};
		80EF0BAB23041493001A7959 /* Resources */ = {
			isa = PBXResourcesBuildPhase;
			buildActionMask = 2147483647;
			files = (
			);
			runOnlyForDeploymentPostprocessing = 0;
		};
/* End PBXResourcesBuildPhase section */

/* Begin PBXSourcesBuildPhase section */
		80EF0B9523041492001A7959 /* Sources */ = {
			isa = PBXSourcesBuildPhase;
			buildActionMask = 2147483647;
			files = (
				80263348230A9F9D00DEFE77 /* ConcentrationThemeChooserViewController.swift in Sources */,
				80EF0B9F23041492001A7959 /* ConcentrationViewControler.swift in Sources */,
				80EF0B9D23041492001A7959 /* AppDelegate.swift in Sources */,
				80EF0BBE23044074001A7959 /* Concentration.swift in Sources */,
				80EF0BC023044208001A7959 /* Card.swift in Sources */,
			);
			runOnlyForDeploymentPostprocessing = 0;
		};
		80EF0BA923041493001A7959 /* Sources */ = {
			isa = PBXSourcesBuildPhase;
			buildActionMask = 2147483647;
			files = (
				80EF0BB223041493001A7959 /* ConcentrationTests.swift in Sources */,
			);
			runOnlyForDeploymentPostprocessing = 0;
		};
/* End PBXSourcesBuildPhase section */

/* Begin PBXTargetDependency section */
		80EF0BAF23041493001A7959 /* PBXTargetDependency */ = {
			isa = PBXTargetDependency;
			target = 80EF0B9823041492001A7959 /* Concentration */;
			targetProxy = 80EF0BAE23041493001A7959 /* PBXContainerItemProxy */;
		};
/* End PBXTargetDependency section */

/* Begin PBXVariantGroup section */
		80EF0BA023041492001A7959 /* Main.storyboard */ = {
			isa = PBXVariantGroup;
			children = (
				80EF0BA123041492001A7959 /* Base */,
			);
			name = Main.storyboard;
			sourceTree = "<group>";
		};
		80EF0BA523041493001A7959 /* LaunchScreen.storyboard */ = {
			isa = PBXVariantGroup;
			children = (
				80EF0BA623041493001A7959 /* Base */,
			);
			name = LaunchScreen.storyboard;
			sourceTree = "<group>";
		};
/* End PBXVariantGroup section */

/* Begin XCBuildConfiguration section */
		80EF0BB423041493001A7959 /* Debug */ = {
			isa = XCBuildConfiguration;
			buildSettings = {
				ALWAYS_SEARCH_USER_PATHS = NO;
				CLANG_ANALYZER_NONNULL = YES;
				CLANG_ANALYZER_NUMBER_OBJECT_CONVERSION = YES_AGGRESSIVE;
				CLANG_CXX_LANGUAGE_STANDARD = "gnu++14";
				CLANG_CXX_LIBRARY = "libc++";
				CLANG_ENABLE_MODULES = YES;
				CLANG_ENABLE_OBJC_ARC = YES;
				CLANG_ENABLE_OBJC_WEAK = YES;
				CLANG_WARN_BLOCK_CAPTURE_AUTORELEASING = YES;
				CLANG_WARN_BOOL_CONVERSION = YES;
				CLANG_WARN_COMMA = YES;
				CLANG_WARN_CONSTANT_CONVERSION = YES;
				CLANG_WARN_DEPRECATED_OBJC_IMPLEMENTATIONS = YES;
				CLANG_WARN_DIRECT_OBJC_ISA_USAGE = YES_ERROR;
				CLANG_WARN_DOCUMENTATION_COMMENTS = YES;
				CLANG_WARN_EMPTY_BODY = YES;
				CLANG_WARN_ENUM_CONVERSION = YES;
				CLANG_WARN_INFINITE_RECURSION = YES;
				CLANG_WARN_INT_CONVERSION = YES;
				CLANG_WARN_NON_LITERAL_NULL_CONVERSION = YES;
				CLANG_WARN_OBJC_IMPLICIT_RETAIN_SELF = YES;
				CLANG_WARN_OBJC_LITERAL_CONVERSION = YES;
				CLANG_WARN_OBJC_ROOT_CLASS = YES_ERROR;
				CLANG_WARN_RANGE_LOOP_ANALYSIS = YES;
				CLANG_WARN_STRICT_PROTOTYPES = YES;
				CLANG_WARN_SUSPICIOUS_MOVE = YES;
				CLANG_WARN_UNGUARDED_AVAILABILITY = YES_AGGRESSIVE;
				CLANG_WARN_UNREACHABLE_CODE = YES;
				CLANG_WARN__DUPLICATE_METHOD_MATCH = YES;
				CODE_SIGN_IDENTITY = "iPhone Developer";
				COPY_PHASE_STRIP = NO;
				DEBUG_INFORMATION_FORMAT = dwarf;
				ENABLE_STRICT_OBJC_MSGSEND = YES;
				ENABLE_TESTABILITY = YES;
				GCC_C_LANGUAGE_STANDARD = gnu11;
				GCC_DYNAMIC_NO_PIC = NO;
				GCC_NO_COMMON_BLOCKS = YES;
				GCC_OPTIMIZATION_LEVEL = 0;
				GCC_PREPROCESSOR_DEFINITIONS = (
					"DEBUG=1",
					"$(inherited)",
				);
				GCC_WARN_64_TO_32_BIT_CONVERSION = YES;
				GCC_WARN_ABOUT_RETURN_TYPE = YES_ERROR;
				GCC_WARN_UNDECLARED_SELECTOR = YES;
				GCC_WARN_UNINITIALIZED_AUTOS = YES_AGGRESSIVE;
				GCC_WARN_UNUSED_FUNCTION = YES;
				GCC_WARN_UNUSED_VARIABLE = YES;
				IPHONEOS_DEPLOYMENT_TARGET = 12.4;
				MTL_ENABLE_DEBUG_INFO = INCLUDE_SOURCE;
				MTL_FAST_MATH = YES;
				ONLY_ACTIVE_ARCH = YES;
				SDKROOT = iphoneos;
				SWIFT_ACTIVE_COMPILATION_CONDITIONS = DEBUG;
				SWIFT_OPTIMIZATION_LEVEL = "-Onone";
			};
			name = Debug;
		};
		80EF0BB523041493001A7959 /* Release */ = {
			isa = XCBuildConfiguration;
			buildSettings = {
				ALWAYS_SEARCH_USER_PATHS = NO;
				CLANG_ANALYZER_NONNULL = YES;
				CLANG_ANALYZER_NUMBER_OBJECT_CONVERSION = YES_AGGRESSIVE;
				CLANG_CXX_LANGUAGE_STANDARD = "gnu++14";
				CLANG_CXX_LIBRARY = "libc++";
				CLANG_ENABLE_MODULES = YES;
				CLANG_ENABLE_OBJC_ARC = YES;
				CLANG_ENABLE_OBJC_WEAK = YES;
				CLANG_WARN_BLOCK_CAPTURE_AUTORELEASING = YES;
				CLANG_WARN_BOOL_CONVERSION = YES;
				CLANG_WARN_COMMA = YES;
				CLANG_WARN_CONSTANT_CONVERSION = YES;
				CLANG_WARN_DEPRECATED_OBJC_IMPLEMENTATIONS = YES;
				CLANG_WARN_DIRECT_OBJC_ISA_USAGE = YES_ERROR;
				CLANG_WARN_DOCUMENTATION_COMMENTS = YES;
				CLANG_WARN_EMPTY_BODY = YES;
				CLANG_WARN_ENUM_CONVERSION = YES;
				CLANG_WARN_INFINITE_RECURSION = YES;
				CLANG_WARN_INT_CONVERSION = YES;
				CLANG_WARN_NON_LITERAL_NULL_CONVERSION = YES;
				CLANG_WARN_OBJC_IMPLICIT_RETAIN_SELF = YES;
				CLANG_WARN_OBJC_LITERAL_CONVERSION = YES;
				CLANG_WARN_OBJC_ROOT_CLASS = YES_ERROR;
				CLANG_WARN_RANGE_LOOP_ANALYSIS = YES;
				CLANG_WARN_STRICT_PROTOTYPES = YES;
				CLANG_WARN_SUSPICIOUS_MOVE = YES;
				CLANG_WARN_UNGUARDED_AVAILABILITY = YES_AGGRESSIVE;
				CLANG_WARN_UNREACHABLE_CODE = YES;
				CLANG_WARN__DUPLICATE_METHOD_MATCH = YES;
				CODE_SIGN_IDENTITY = "iPhone Developer";
				COPY_PHASE_STRIP = NO;
				DEBUG_INFORMATION_FORMAT = "dwarf-with-dsym";
				ENABLE_NS_ASSERTIONS = NO;
				ENABLE_STRICT_OBJC_MSGSEND = YES;
				GCC_C_LANGUAGE_STANDARD = gnu11;
				GCC_NO_COMMON_BLOCKS = YES;
				GCC_WARN_64_TO_32_BIT_CONVERSION = YES;
				GCC_WARN_ABOUT_RETURN_TYPE = YES_ERROR;
				GCC_WARN_UNDECLARED_SELECTOR = YES;
				GCC_WARN_UNINITIALIZED_AUTOS = YES_AGGRESSIVE;
				GCC_WARN_UNUSED_FUNCTION = YES;
				GCC_WARN_UNUSED_VARIABLE = YES;
				IPHONEOS_DEPLOYMENT_TARGET = 12.4;
				MTL_ENABLE_DEBUG_INFO = NO;
				MTL_FAST_MATH = YES;
				SDKROOT = iphoneos;
				SWIFT_COMPILATION_MODE = wholemodule;
				SWIFT_OPTIMIZATION_LEVEL = "-O";
				VALIDATE_PRODUCT = YES;
			};
			name = Release;
		};
		80EF0BB723041493001A7959 /* Debug */ = {
			isa = XCBuildConfiguration;
			buildSettings = {
				ASSETCATALOG_COMPILER_APPICON_NAME = AppIcon;
				CODE_SIGN_STYLE = Automatic;
				INFOPLIST_FILE = Concentration/Info.plist;
				LD_RUNPATH_SEARCH_PATHS = (
					"$(inherited)",
					"@executable_path/Frameworks",
				);
				PRODUCT_BUNDLE_IDENTIFIER = com.mkodo.Concentration;
				PRODUCT_NAME = "$(TARGET_NAME)";
				SWIFT_VERSION = 5.0;
				TARGETED_DEVICE_FAMILY = "1,2";
			};
			name = Debug;
		};
		80EF0BB823041493001A7959 /* Release */ = {
			isa = XCBuildConfiguration;
			buildSettings = {
				ASSETCATALOG_COMPILER_APPICON_NAME = AppIcon;
				CODE_SIGN_STYLE = Automatic;
				INFOPLIST_FILE = Concentration/Info.plist;
				LD_RUNPATH_SEARCH_PATHS = (
					"$(inherited)",
					"@executable_path/Frameworks",
				);
				PRODUCT_BUNDLE_IDENTIFIER = com.mkodo.Concentration;
				PRODUCT_NAME = "$(TARGET_NAME)";
				SWIFT_VERSION = 5.0;
				TARGETED_DEVICE_FAMILY = "1,2";
			};
			name = Release;
		};
		80EF0BBA23041493001A7959 /* Debug */ = {
			isa = XCBuildConfiguration;
			buildSettings = {
				ALWAYS_EMBED_SWIFT_STANDARD_LIBRARIES = YES;
				BUNDLE_LOADER = "$(TEST_HOST)";
				CODE_SIGN_STYLE = Automatic;
				INFOPLIST_FILE = ConcentrationTests/Info.plist;
				LD_RUNPATH_SEARCH_PATHS = (
					"$(inherited)",
					"@executable_path/Frameworks",
					"@loader_path/Frameworks",
				);
				PRODUCT_BUNDLE_IDENTIFIER = com.mkodo.ConcentrationTests;
				PRODUCT_NAME = "$(TARGET_NAME)";
				SWIFT_VERSION = 5.0;
				TARGETED_DEVICE_FAMILY = "1,2";
				TEST_HOST = "$(BUILT_PRODUCTS_DIR)/Concentration.app/Concentration";
			};
			name = Debug;
		};
		80EF0BBB23041493001A7959 /* Release */ = {
			isa = XCBuildConfiguration;
			buildSettings = {
				ALWAYS_EMBED_SWIFT_STANDARD_LIBRARIES = YES;
				BUNDLE_LOADER = "$(TEST_HOST)";
				CODE_SIGN_STYLE = Automatic;
				INFOPLIST_FILE = ConcentrationTests/Info.plist;
				LD_RUNPATH_SEARCH_PATHS = (
					"$(inherited)",
					"@executable_path/Frameworks",
					"@loader_path/Frameworks",
				);
				PRODUCT_BUNDLE_IDENTIFIER = com.mkodo.ConcentrationTests;
				PRODUCT_NAME = "$(TARGET_NAME)";
				SWIFT_VERSION = 5.0;
				TARGETED_DEVICE_FAMILY = "1,2";
				TEST_HOST = "$(BUILT_PRODUCTS_DIR)/Concentration.app/Concentration";
			};
			name = Release;
		};
/* End XCBuildConfiguration section */

/* Begin XCConfigurationList section */
		80EF0B9423041492001A7959 /* Build configuration list for PBXProject "Concentration" */ = {
			isa = XCConfigurationList;
			buildConfigurations = (
				80EF0BB423041493001A7959 /* Debug */,
				80EF0BB523041493001A7959 /* Release */,
			);
			defaultConfigurationIsVisible = 0;
			defaultConfigurationName = Release;
		};
		80EF0BB623041493001A7959 /* Build configuration list for PBXNativeTarget "Concentration" */ = {
			isa = XCConfigurationList;
			buildConfigurations = (
				80EF0BB723041493001A7959 /* Debug */,
				80EF0BB823041493001A7959 /* Release */,
			);
			defaultConfigurationIsVisible = 0;
			defaultConfigurationName = Release;
		};
		80EF0BB923041493001A7959 /* Build configuration list for PBXNativeTarget "ConcentrationTests" */ = {
			isa = XCConfigurationList;
			buildConfigurations = (
				80EF0BBA23041493001A7959 /* Debug */,
				80EF0BBB23041493001A7959 /* Release */,
			);
			defaultConfigurationIsVisible = 0;
			defaultConfigurationName = Release;
		};
/* End XCConfigurationList section */
	};
	rootObject = 80EF0B9123041492001A7959 /* Project object */;
}
